
Microsoft Visual Studio Solution File, Format Version 12.00
# Visual Studio Version 16
VisualStudioVersion = 16.0.31729.503
MinimumVisualStudioVersion = 10.0.40219.1
Project("{FAE04EC0-301F-11D3-BF4B-00C04F79EFBC}") = "ConsoleApp3", "ConsoleApp3\ConsoleApp3.csproj", "{021D56AE-C29E-42E4-BAA1-4FACADA214C8}"
EndProject
Global
	GlobalSection(SolutionConfigurationPlatforms) = preSolution
		Debug|Any CPU = Debug|Any CPU
		Release|Any CPU = Release|Any CPU
	EndGlobalSection
	GlobalSection(ProjectConfigurationPlatforms) = postSolution
		{021D56AE-C29E-42E4-BAA1-4FACADA214C8}.Debug|Any CPU.ActiveCfg = Debug|Any CPU
		{021D56AE-C29E-42E4-BAA1-4FACADA214C8}.Debug|Any CPU.Build.0 = Debug|Any CPU
		{021D56AE-C29E-42E4-BAA1-4FACADA214C8}.Release|Any CPU.ActiveCfg = Release|Any CPU
		{021D56AE-C29E-42E4-BAA1-4FACADA214C8}.Release|Any CPU.Build.0 = Release|Any CPU
	EndGlobalSection
	GlobalSection(SolutionProperties) = preSolution
		HideSolutionNode = FALSE
	EndGlobalSection
	GlobalSection(ExtensibilityGlobals) = postSolution
		SolutionGuid = {5F7810C2-2012-4054-AD08-980450DD1201}
	EndGlobalSection
EndGlobal
