
Microsoft Visual Studio Solution File, Format Version 12.00
# Visual Studio Version 16
VisualStudioVersion = 16.0.32002.261
MinimumVisualStudioVersion = 10.0.40219.1
Project("{FAE04EC0-301F-11D3-BF4B-00C04F79EFBC}") = "WebApplication1", "WebApplication1.csproj", "{4CA84B64-92E1-468C-9587-C0DFA7B3053D}"
EndProject
Global
	GlobalSection(SolutionConfigurationPlatforms) = preSolution
		Debug|Any CPU = Debug|Any CPU
		Release|Any CPU = Release|Any CPU
	EndGlobalSection
	GlobalSection(ProjectConfigurationPlatforms) = postSolution
		{4CA84B64-92E1-468C-9587-C0DFA7B3053D}.Debug|Any CPU.ActiveCfg = Debug|Any CPU
		{4CA84B64-92E1-468C-9587-C0DFA7B3053D}.Debug|Any CPU.Build.0 = Debug|Any CPU
		{4CA84B64-92E1-468C-9587-C0DFA7B3053D}.Release|Any CPU.ActiveCfg = Release|Any CPU
		{4CA84B64-92E1-468C-9587-C0DFA7B3053D}.Release|Any CPU.Build.0 = Release|Any CPU
	EndGlobalSection
	GlobalSection(SolutionProperties) = preSolution
		HideSolutionNode = FALSE
	EndGlobalSection
	GlobalSection(ExtensibilityGlobals) = postSolution
		SolutionGuid = {1811DECC-7F61-4658-B905-6710E78D5FE1}
	EndGlobalSection
EndGlobal
