
Microsoft Visual Studio Solution File, Format Version 12.00
# Visual Studio Version 16
VisualStudioVersion = 16.0.31729.503
MinimumVisualStudioVersion = 10.0.40219.1
Project("{FAE04EC0-301F-11D3-BF4B-00C04F79EFBC}") = "OyunProject", "OyunProject\OyunProject.csproj", "{FBBBBA90-CE05-44C8-96EC-50A55F22B011}"
EndProject
Global
	GlobalSection(SolutionConfigurationPlatforms) = preSolution
		Debug|Any CPU = Debug|Any CPU
		Release|Any CPU = Release|Any CPU
	EndGlobalSection
	GlobalSection(ProjectConfigurationPlatforms) = postSolution
		{FBBBBA90-CE05-44C8-96EC-50A55F22B011}.Debug|Any CPU.ActiveCfg = Debug|Any CPU
		{FBBBBA90-CE05-44C8-96EC-50A55F22B011}.Debug|Any CPU.Build.0 = Debug|Any CPU
		{FBBBBA90-CE05-44C8-96EC-50A55F22B011}.Release|Any CPU.ActiveCfg = Release|Any CPU
		{FBBBBA90-CE05-44C8-96EC-50A55F22B011}.Release|Any CPU.Build.0 = Release|Any CPU
	EndGlobalSection
	GlobalSection(SolutionProperties) = preSolution
		HideSolutionNode = FALSE
	EndGlobalSection
	GlobalSection(ExtensibilityGlobals) = postSolution
		SolutionGuid = {A98580C7-D70F-4DD1-BCE0-C7267C83086D}
	EndGlobalSection
EndGlobal
